
Microsoft Visual Studio Solution File, Format Version 12.00
# Visual Studio Version 17
VisualStudioVersion = 17.8.34330.188
MinimumVisualStudioVersion = 10.0.40219.1
Project("{FAE04EC0-301F-11D3-BF4B-00C04F79EFBC}") = "ShredStore", "ShredStore\ShredStore.csproj", "{8AF73887-44AD-44D9-ACAD-19CDAA79F16A}"
EndProject
Project("{2150E333-8FDC-42A3-9474-1A3956D46DE8}") = "Api", "Api", "{BC52DE00-3E1F-4818-82E3-DC23D107D04F}"
EndProject
Project("{2150E333-8FDC-42A3-9474-1A3956D46DE8}") = "Database", "Database", "{7646897C-B98A-4ECE-A94D-0F18809FECC1}"
EndProject
Project("{00D1A9C2-B5F0-4AF3-8072-F6C62B433612}") = "ShredStoreDatabase", "ShredStoreDatabase\ShredStoreDatabase.sqlproj", "{4C4BD9F6-5818-40F4-9D71-CB0EB5ED4EAF}"
EndProject
Project("{2150E333-8FDC-42A3-9474-1A3956D46DE8}") = "Contracts", "Contracts", "{D7A9E414-FBC2-4B63-9BE5-B4599E67A904}"
EndProject
Project("{FAE04EC0-301F-11D3-BF4B-00C04F79EFBC}") = "Contracts", "Contracts\Contracts.csproj", "{7FB520E0-AA49-4F7F-8517-E468F026E7AD}"
EndProject
Project("{2150E333-8FDC-42A3-9474-1A3956D46DE8}") = "Application", "Application", "{471574F4-C779-401D-84E4-15A19FADE6BC}"
EndProject
Project("{FAE04EC0-301F-11D3-BF4B-00C04F79EFBC}") = "Application", "Application\Application.csproj", "{6ED5AE64-6DA6-45D7-977D-BAD6F6AD38E1}"
EndProject
Project("{2150E333-8FDC-42A3-9474-1A3956D46DE8}") = "Tests", "Tests", "{DD26EC7F-0494-4F18-B646-9C705EB2F540}"
EndProject
Project("{FAE04EC0-301F-11D3-BF4B-00C04F79EFBC}") = "ShredStoreTests", "ShredStoreTests\ShredStoreTests.csproj", "{B62FDB55-2EF3-4951-B7E9-133869244297}"
EndProject
Project("{FAE04EC0-301F-11D3-BF4B-00C04F79EFBC}") = "DatabaseAccess", "DatabaseAccess\DatabaseAccess.csproj", "{AAF35ABC-A0F0-4473-AC87-B336654E3893}"
EndProject
Global
	GlobalSection(SolutionConfigurationPlatforms) = preSolution
		Debug|Any CPU = Debug|Any CPU
		Release|Any CPU = Release|Any CPU
	EndGlobalSection
	GlobalSection(ProjectConfigurationPlatforms) = postSolution
		{8AF73887-44AD-44D9-ACAD-19CDAA79F16A}.Debug|Any CPU.ActiveCfg = Debug|Any CPU
		{8AF73887-44AD-44D9-ACAD-19CDAA79F16A}.Debug|Any CPU.Build.0 = Debug|Any CPU
		{8AF73887-44AD-44D9-ACAD-19CDAA79F16A}.Release|Any CPU.ActiveCfg = Release|Any CPU
		{8AF73887-44AD-44D9-ACAD-19CDAA79F16A}.Release|Any CPU.Build.0 = Release|Any CPU
		{4C4BD9F6-5818-40F4-9D71-CB0EB5ED4EAF}.Debug|Any CPU.ActiveCfg = Debug|Any CPU
		{4C4BD9F6-5818-40F4-9D71-CB0EB5ED4EAF}.Debug|Any CPU.Build.0 = Debug|Any CPU
		{4C4BD9F6-5818-40F4-9D71-CB0EB5ED4EAF}.Debug|Any CPU.Deploy.0 = Debug|Any CPU
		{4C4BD9F6-5818-40F4-9D71-CB0EB5ED4EAF}.Release|Any CPU.ActiveCfg = Release|Any CPU
		{4C4BD9F6-5818-40F4-9D71-CB0EB5ED4EAF}.Release|Any CPU.Build.0 = Release|Any CPU
		{4C4BD9F6-5818-40F4-9D71-CB0EB5ED4EAF}.Release|Any CPU.Deploy.0 = Release|Any CPU
		{7FB520E0-AA49-4F7F-8517-E468F026E7AD}.Debug|Any CPU.ActiveCfg = Debug|Any CPU
		{7FB520E0-AA49-4F7F-8517-E468F026E7AD}.Debug|Any CPU.Build.0 = Debug|Any CPU
		{7FB520E0-AA49-4F7F-8517-E468F026E7AD}.Release|Any CPU.ActiveCfg = Release|Any CPU
		{7FB520E0-AA49-4F7F-8517-E468F026E7AD}.Release|Any CPU.Build.0 = Release|Any CPU
		{6ED5AE64-6DA6-45D7-977D-BAD6F6AD38E1}.Debug|Any CPU.ActiveCfg = Debug|Any CPU
		{6ED5AE64-6DA6-45D7-977D-BAD6F6AD38E1}.Debug|Any CPU.Build.0 = Debug|Any CPU
		{6ED5AE64-6DA6-45D7-977D-BAD6F6AD38E1}.Release|Any CPU.ActiveCfg = Release|Any CPU
		{6ED5AE64-6DA6-45D7-977D-BAD6F6AD38E1}.Release|Any CPU.Build.0 = Release|Any CPU
		{B62FDB55-2EF3-4951-B7E9-133869244297}.Debug|Any CPU.ActiveCfg = Debug|Any CPU
		{B62FDB55-2EF3-4951-B7E9-133869244297}.Debug|Any CPU.Build.0 = Debug|Any CPU
		{B62FDB55-2EF3-4951-B7E9-133869244297}.Release|Any CPU.ActiveCfg = Release|Any CPU
		{B62FDB55-2EF3-4951-B7E9-133869244297}.Release|Any CPU.Build.0 = Release|Any CPU
		{AAF35ABC-A0F0-4473-AC87-B336654E3893}.Debug|Any CPU.ActiveCfg = Debug|Any CPU
		{AAF35ABC-A0F0-4473-AC87-B336654E3893}.Debug|Any CPU.Build.0 = Debug|Any CPU
		{AAF35ABC-A0F0-4473-AC87-B336654E3893}.Release|Any CPU.ActiveCfg = Release|Any CPU
		{AAF35ABC-A0F0-4473-AC87-B336654E3893}.Release|Any CPU.Build.0 = Release|Any CPU
	EndGlobalSection
	GlobalSection(SolutionProperties) = preSolution
		HideSolutionNode = FALSE
	EndGlobalSection
	GlobalSection(NestedProjects) = preSolution
		{8AF73887-44AD-44D9-ACAD-19CDAA79F16A} = {BC52DE00-3E1F-4818-82E3-DC23D107D04F}
		{4C4BD9F6-5818-40F4-9D71-CB0EB5ED4EAF} = {7646897C-B98A-4ECE-A94D-0F18809FECC1}
		{7FB520E0-AA49-4F7F-8517-E468F026E7AD} = {D7A9E414-FBC2-4B63-9BE5-B4599E67A904}
		{6ED5AE64-6DA6-45D7-977D-BAD6F6AD38E1} = {471574F4-C779-401D-84E4-15A19FADE6BC}
		{B62FDB55-2EF3-4951-B7E9-133869244297} = {DD26EC7F-0494-4F18-B646-9C705EB2F540}
		{AAF35ABC-A0F0-4473-AC87-B336654E3893} = {7646897C-B98A-4ECE-A94D-0F18809FECC1}
	EndGlobalSection
	GlobalSection(ExtensibilityGlobals) = postSolution
		SolutionGuid = {C353204C-4F55-414F-A66F-6C3C559ED27F}
	EndGlobalSection
EndGlobal
